
Microsoft Visual Studio Solution File, Format Version 12.00
# Visual Studio Version 17
VisualStudioVersion = 17.6.33829.357
MinimumVisualStudioVersion = 10.0.40219.1
Project("{FAE04EC0-301F-11D3-BF4B-00C04F79EFBC}") = "Doviz_Ofisi", "Doviz_Ofisi\Doviz_Ofisi.csproj", "{CC70C8F8-331C-4CEB-84AE-4CD0777754FB}"
EndProject
Global
	GlobalSection(SolutionConfigurationPlatforms) = preSolution
		Debug|Any CPU = Debug|Any CPU
		Release|Any CPU = Release|Any CPU
	EndGlobalSection
	GlobalSection(ProjectConfigurationPlatforms) = postSolution
		{CC70C8F8-331C-4CEB-84AE-4CD0777754FB}.Debug|Any CPU.ActiveCfg = Debug|Any CPU
		{CC70C8F8-331C-4CEB-84AE-4CD0777754FB}.Debug|Any CPU.Build.0 = Debug|Any CPU
		{CC70C8F8-331C-4CEB-84AE-4CD0777754FB}.Release|Any CPU.ActiveCfg = Release|Any CPU
		{CC70C8F8-331C-4CEB-84AE-4CD0777754FB}.Release|Any CPU.Build.0 = Release|Any CPU
	EndGlobalSection
	GlobalSection(SolutionProperties) = preSolution
		HideSolutionNode = FALSE
	EndGlobalSection
	GlobalSection(ExtensibilityGlobals) = postSolution
		SolutionGuid = {7D69C8EE-37D9-46B8-A644-8C5F82DA86C7}
	EndGlobalSection
EndGlobal
